<?xml version="1.0" encoding="utf-8"?>
<Project ToolsVersion="4.0" xmlns="http://schemas.microsoft.com/developer/msbuild/2003">
  <ItemGroup>
    <Filter Include="Source Files">
      <UniqueIdentifier>{4FC737F1-C7A5-4376-A066-2A32D752A2FF}</UniqueIdentifier>
      <Extensions>cpp;c;cc;cxx;c++;cppm;ixx;def;odl;idl;hpj;bat;asm;asmx</Extensions>
    </Filter>
    <Filter Include="Header Files">
      <UniqueIdentifier>{93995380-89BD-4b04-88EB-625FBE52EBFB}</UniqueIdentifier>
      <Extensions>h;hh;hpp;hxx;h++;hm;inl;inc;ipp;xsd</Extensions>
    </Filter>
    <Filter Include="Resource Files">
      <UniqueIdentifier>{67DA6AB6-F800-4c08-8B7A-83BB121AAD01}</UniqueIdentifier>
      <Extensions>rc;ico;cur;bmp;dlg;rc2;rct;bin;rgs;gif;jpg;jpeg;jpe;resx;tiff;tif;png;wav;mfcribbon-ms</Extensions>
    </Filter>
  </ItemGroup>
  <ItemGroup>
    <ClCompile Include="MainPage.cpp">
      <Filter>Source Files</Filter>
    </ClCompile>
    <ClCompile Include="AdminOptions.cpp">
      <Filter>Source Files</Filter>
    </ClCompile>
    <ClCompile Include="AddingItemsPage.cpp">
      <Filter>Source Files</Filter>
    </ClCompile>
    <ClCompile Include="UpadateItemPage.cpp">
      <Filter>Source Files</Filter>
    </ClCompile>
    <ClCompile Include="SuscribersPage.cpp">
      <Filter>Source Files</Filter>
    </ClCompile>
    <ClCompile Include="SuscribersOptionPage.cpp">
      <Filter>Source Files</Filter>
    </ClCompile>
    <ClCompile Include="objDeclerationFile.cpp">
      <Filter>Source Files</Filter>
    </ClCompile>
    <ClCompile Include="ReturnPage.cpp">
      <Filter>Source Files</Filter>
    </ClCompile>
    <ClCompile Include="RegisterationPage.cpp">
      <Filter>Source Files</Filter>
    </ClCompile>
    <ClCompile Include="AvailableItemsPage.cpp">
      <Filter>Source Files</Filter>
    </ClCompile>
    <ClCompile Include="suscriberIdportableString.cpp">
      <Filter>Source Files</Filter>
    </ClCompile>
    <ClCompile Include="Classes_Content\ClassesDeclerations\Library.cpp">
      <Filter>Source Files</Filter>
    </ClCompile>
    <ClCompile Include="Classes_Content\ClassesDeclerations\Borrowing.cpp">
      <Filter>Source Files</Filter>
    </ClCompile>
    <ClCompile Include="Classes_Content\ClassesDeclerations\Content.cpp">
      <Filter>Source Files</Filter>
    </ClCompile>
    <ClCompile Include="Classes_Content\ClassesDeclerations\Suscribers.cpp">
      <Filter>Source Files</Filter>
    </ClCompile>
  </ItemGroup>
  <ItemGroup>
    <ClInclude Include="MainPage.h">
      <Filter>Header Files</Filter>
    </ClInclude>
    <ClInclude Include="AdminOptions.h">
      <Filter>Header Files</Filter>
    </ClInclude>
    <ClInclude Include="AddingItemsPage.h">
      <Filter>Header Files</Filter>
    </ClInclude>
    <ClInclude Include="Classes Content\Classes Definations\Library.h">
      <Filter>Header Files</Filter>
    </ClInclude>
    <ClInclude Include="Classes Content\Classes Definations\Content.h">
      <Filter>Header Files</Filter>
    </ClInclude>
    <ClInclude Include="Classes Content\Classes Definations\Suscribers.h">
      <Filter>Header Files</Filter>
    </ClInclude>
    <ClInclude Include="Classes Content\Classes Definations\Borrowing.h">
      <Filter>Header Files</Filter>
    </ClInclude>
    <ClInclude Include="UpadateItemPage.h">
      <Filter>Header Files</Filter>
    </ClInclude>
    <ClInclude Include="SuscribersPage.h">
      <Filter>Header Files</Filter>
    </ClInclude>
    <ClInclude Include="SuscribersOptionPage.h">
      <Filter>Header Files</Filter>
    </ClInclude>
    <ClInclude Include="objDeclerationFile.h">
      <Filter>Header Files</Filter>
    </ClInclude>
    <ClInclude Include="ReturnPage.h">
      <Filter>Header Files</Filter>
    </ClInclude>
    <ClInclude Include="RegisterationPage.h">
      <Filter>Header Files</Filter>
    </ClInclude>
    <ClInclude Include="AvailableItemsPage.h">
      <Filter>Header Files</Filter>
    </ClInclude>
    <ClInclude Include="suscriberIdportableString.h">
      <Filter>Header Files</Filter>
    </ClInclude>
  </ItemGroup>
</Project>